{
  "requires": true,
  "lockfileVersion": 1,
  "dependencies": {
    "dayjs": {
      "version": "1.8.26",
      "resolved": "https://registry.npmjs.org/dayjs/-/dayjs-1.8.26.tgz",
      "integrity": "sha512-KqtAuIfdNfZR5sJY1Dixr2Is4ZvcCqhb0dZpCOt5dGEFiMzoIbjkTSzUb4QKTCsP+WNpGwUjAFIZrnZvUxxkhw=="
    },
    "vue": {
      "version": "2.6.11",
      "resolved": "https://registry.npmjs.org/vue/-/vue-2.6.11.tgz",
      "integrity": "sha512-VfPwgcGABbGAue9+sfrD4PuwFar7gPb1yl1UK1MwXoQPAw0BKSqWfoYCT/ThFrdEVWoI51dBuyCoiNU9bZDZxQ=="
    },
    "vue-smart-parse": {
      "version": "3.0.1",
      "resolved": "https://registry.npmjs.org/vue-smart-parse/-/vue-smart-parse-3.0.1.tgz",
      "integrity": "sha512-A6UjZJOgG2aN3pTKVM7Jh4wSJv6g4vqkOqHP/6ffiDkwzuLLAk9fnwoZxp5pzc/isp26qFHQpMpcxu6Jq/u1tA==",
      "requires": {
        "vue": "^2.5.11"
      }
    }
  }
}
